
Microsoft Visual Studio Solution File, Format Version 12.00
# Visual Studio Version 17
VisualStudioVersion = 17.13.35507.96 d17.13
MinimumVisualStudioVersion = 10.0.40219.1
Project("{FAE04EC0-301F-11D3-BF4B-00C04F79EFBC}") = "Path", "Path.csproj", "{E2DE8287-3564-45E6-A029-2166451EC53C}"
EndProject
Global
	GlobalSection(SolutionConfigurationPlatforms) = preSolution
		Debug|Any CPU = Debug|Any CPU
		Release|Any CPU = Release|Any CPU
	EndGlobalSection
	GlobalSection(ProjectConfigurationPlatforms) = postSolution
		{E2DE8287-3564-45E6-A029-2166451EC53C}.Debug|Any CPU.ActiveCfg = Debug|Any CPU
		{E2DE8287-3564-45E6-A029-2166451EC53C}.Debug|Any CPU.Build.0 = Debug|Any CPU
		{E2DE8287-3564-45E6-A029-2166451EC53C}.Release|Any CPU.ActiveCfg = Release|Any CPU
		{E2DE8287-3564-45E6-A029-2166451EC53C}.Release|Any CPU.Build.0 = Release|Any CPU
	EndGlobalSection
	GlobalSection(SolutionProperties) = preSolution
		HideSolutionNode = FALSE
	EndGlobalSection
	GlobalSection(ExtensibilityGlobals) = postSolution
		SolutionGuid = {4574528B-713C-45BE-93B5-9817BD94051C}
	EndGlobalSection
EndGlobal
